// !$*UTF8*$!
{
	archiveVersion = 1;
	classes = {
	};
	objectVersion = 46;
	objects = {

/* Begin PBXBuildFile section */
		40367BE81F1DC6500023DEE9 /* AppDelegate.swift in Sources */ = {isa = PBXBuildFile; fileRef = 40367BE71F1DC6500023DEE9 /* AppDelegate.swift */; };
		40367BEA1F1DC6500023DEE9 /* MemeEditorViewController.swift in Sources */ = {isa = PBXBuildFile; fileRef = 40367BE91F1DC6500023DEE9 /* MemeEditorViewController.swift */; };
		40367BED1F1DC6500023DEE9 /* Main.storyboard in Resources */ = {isa = PBXBuildFile; fileRef = 40367BEB1F1DC6500023DEE9 /* Main.storyboard */; };
		40367BEF1F1DC6500023DEE9 /* Assets.xcassets in Resources */ = {isa = PBXBuildFile; fileRef = 40367BEE1F1DC6500023DEE9 /* Assets.xcassets */; };
		40367BF21F1DC6500023DEE9 /* LaunchScreen.storyboard in Resources */ = {isa = PBXBuildFile; fileRef = 40367BF01F1DC6500023DEE9 /* LaunchScreen.storyboard */; };
		40367BFD1F1DC6500023DEE9 /* Meme_V1_0Tests.swift in Sources */ = {isa = PBXBuildFile; fileRef = 40367BFC1F1DC6500023DEE9 /* Meme_V1_0Tests.swift */; };
		40367C081F1DC6510023DEE9 /* Meme_V1_0UITests.swift in Sources */ = {isa = PBXBuildFile; fileRef = 40367C071F1DC6510023DEE9 /* Meme_V1_0UITests.swift */; };
		40367C1B1F1F096E0023DEE9 /* StructMeme.swift in Sources */ = {isa = PBXBuildFile; fileRef = 40367C1A1F1F096E0023DEE9 /* StructMeme.swift */; };
/* End PBXBuildFile section */

/* Begin PBXContainerItemProxy section */
		40367BF91F1DC6500023DEE9 /* PBXContainerItemProxy */ = {
			isa = PBXContainerItemProxy;
			containerPortal = 40367BDC1F1DC6500023DEE9 /* Project object */;
			proxyType = 1;
			remoteGlobalIDString = 40367BE31F1DC6500023DEE9;
			remoteInfo = "Meme V1.0";
		};
		40367C041F1DC6510023DEE9 /* PBXContainerItemProxy */ = {
			isa = PBXContainerItemProxy;
			containerPortal = 40367BDC1F1DC6500023DEE9 /* Project object */;
			proxyType = 1;
			remoteGlobalIDString = 40367BE31F1DC6500023DEE9;
			remoteInfo = "Meme V1.0";
		};
/* End PBXContainerItemProxy section */

/* Begin PBXFileReference section */
		40367BE41F1DC6500023DEE9 /* Meme V1.0.app */ = {isa = PBXFileReference; explicitFileType = wrapper.application; includeInIndex = 0; path = "Meme V1.0.app"; sourceTree = BUILT_PRODUCTS_DIR; };
		40367BE71F1DC6500023DEE9 /* AppDelegate.swift */ = {isa = PBXFileReference; lastKnownFileType = sourcecode.swift; path = AppDelegate.swift; sourceTree = "<group>"; };
		40367BE91F1DC6500023DEE9 /* MemeEditorViewController.swift */ = {isa = PBXFileReference; lastKnownFileType = sourcecode.swift; path = MemeEditorViewController.swift; sourceTree = "<group>"; };
		40367BEC1F1DC6500023DEE9 /* Base */ = {isa = PBXFileReference; lastKnownFileType = file.storyboard; name = Base; path = Base.lproj/Main.storyboard; sourceTree = "<group>"; };
		40367BEE1F1DC6500023DEE9 /* Assets.xcassets */ = {isa = PBXFileReference; lastKnownFileType = folder.assetcatalog; path = Assets.xcassets; sourceTree = "<group>"; };
		40367BF11F1DC6500023DEE9 /* Base */ = {isa = PBXFileReference; lastKnownFileType = file.storyboard; name = Base; path = Base.lproj/LaunchScreen.storyboard; sourceTree = "<group>"; };
		40367BF31F1DC6500023DEE9 /* Info.plist */ = {isa = PBXFileReference; lastKnownFileType = text.plist.xml; path = Info.plist; sourceTree = "<group>"; };
		40367BF81F1DC6500023DEE9 /* Meme V1.0Tests.xctest */ = {isa = PBXFileReference; explicitFileType = wrapper.cfbundle; includeInIndex = 0; path = "Meme V1.0Tests.xctest"; sourceTree = BUILT_PRODUCTS_DIR; };
		40367BFC1F1DC6500023DEE9 /* Meme_V1_0Tests.swift */ = {isa = PBXFileReference; lastKnownFileType = sourcecode.swift; path = Meme_V1_0Tests.swift; sourceTree = "<group>"; };
		40367BFE1F1DC6510023DEE9 /* Info.plist */ = {isa = PBXFileReference; lastKnownFileType = text.plist.xml; path = Info.plist; sourceTree = "<group>"; };
		40367C031F1DC6510023DEE9 /* Meme V1.0UITests.xctest */ = {isa = PBXFileReference; explicitFileType = wrapper.cfbundle; includeInIndex = 0; path = "Meme V1.0UITests.xctest"; sourceTree = BUILT_PRODUCTS_DIR; };
		40367C071F1DC6510023DEE9 /* Meme_V1_0UITests.swift */ = {isa = PBXFileReference; lastKnownFileType = sourcecode.swift; path = Meme_V1_0UITests.swift; sourceTree = "<group>"; };
		40367C091F1DC6510023DEE9 /* Info.plist */ = {isa = PBXFileReference; lastKnownFileType = text.plist.xml; path = Info.plist; sourceTree = "<group>"; };
		40367C1A1F1F096E0023DEE9 /* StructMeme.swift */ = {isa = PBXFileReference; fileEncoding = 4; lastKnownFileType = sourcecode.swift; path = StructMeme.swift; sourceTree = "<group>"; };
/* End PBXFileReference section */

/* Begin PBXFrameworksBuildPhase section */
		40367BE11F1DC6500023DEE9 /* Frameworks */ = {
			isa = PBXFrameworksBuildPhase;
			buildActionMask = 2147483647;
			files = (
			);
			runOnlyForDeploymentPostprocessing = 0;
		};
		40367BF51F1DC6500023DEE9 /* Frameworks */ = {
			isa = PBXFrameworksBuildPhase;
			buildActionMask = 2147483647;
			files = (
			);
			runOnlyForDeploymentPostprocessing = 0;
		};
		40367C001F1DC6510023DEE9 /* Frameworks */ = {
			isa = PBXFrameworksBuildPhase;
			buildActionMask = 2147483647;
			files = (
			);
			runOnlyForDeploymentPostprocessing = 0;
		};
/* End PBXFrameworksBuildPhase section */

/* Begin PBXGroup section */
		40367BDB1F1DC6500023DEE9 = {
			isa = PBXGroup;
			children = (
				40367BE61F1DC6500023DEE9 /* Meme V1.0 */,
				40367BFB1F1DC6500023DEE9 /* Meme V1.0Tests */,
				40367C061F1DC6510023DEE9 /* Meme V1.0UITests */,
				40367BE51F1DC6500023DEE9 /* Products */,
			);
			sourceTree = "<group>";
		};
		40367BE51F1DC6500023DEE9 /* Products */ = {
			isa = PBXGroup;
			children = (
				40367BE41F1DC6500023DEE9 /* Meme V1.0.app */,
				40367BF81F1DC6500023DEE9 /* Meme V1.0Tests.xctest */,
				40367C031F1DC6510023DEE9 /* Meme V1.0UITests.xctest */,
			);
			name = Products;
			sourceTree = "<group>";
		};
		40367BE61F1DC6500023DEE9 /* Meme V1.0 */ = {
			isa = PBXGroup;
			children = (
				40367BE71F1DC6500023DEE9 /* AppDelegate.swift */,
				40367BE91F1DC6500023DEE9 /* MemeEditorViewController.swift */,
				40367BEB1F1DC6500023DEE9 /* Main.storyboard */,
				40367BEE1F1DC6500023DEE9 /* Assets.xcassets */,
				40367BF01F1DC6500023DEE9 /* LaunchScreen.storyboard */,
				40367BF31F1DC6500023DEE9 /* Info.plist */,
				40367C1A1F1F096E0023DEE9 /* StructMeme.swift */,
			);
			path = "Meme V1.0";
			sourceTree = "<group>";
		};
		40367BFB1F1DC6500023DEE9 /* Meme V1.0Tests */ = {
			isa = PBXGroup;
			children = (
				40367BFC1F1DC6500023DEE9 /* Meme_V1_0Tests.swift */,
				40367BFE1F1DC6510023DEE9 /* Info.plist */,
			);
			path = "Meme V1.0Tests";
			sourceTree = "<group>";
		};
		40367C061F1DC6510023DEE9 /* Meme V1.0UITests */ = {
			isa = PBXGroup;
			children = (
				40367C071F1DC6510023DEE9 /* Meme_V1_0UITests.swift */,
				40367C091F1DC6510023DEE9 /* Info.plist */,
			);
			path = "Meme V1.0UITests";
			sourceTree = "<group>";
		};
/* End PBXGroup section */

/* Begin PBXNativeTarget section */
		40367BE31F1DC6500023DEE9 /* Meme V1.0 */ = {
			isa = PBXNativeTarget;
			buildConfigurationList = 40367C0C1F1DC6510023DEE9 /* Build configuration list for PBXNativeTarget "Meme V1.0" */;
			buildPhases = (
				40367BE01F1DC6500023DEE9 /* Sources */,
				40367BE11F1DC6500023DEE9 /* Frameworks */,
				40367BE21F1DC6500023DEE9 /* Resources */,
			);
			buildRules = (
			);
			dependencies = (
			);
			name = "Meme V1.0";
			productName = "Meme V1.0";
			productReference = 40367BE41F1DC6500023DEE9 /* Meme V1.0.app */;
			productType = "com.apple.product-type.application";
		};
		40367BF71F1DC6500023DEE9 /* Meme V1.0Tests */ = {
			isa = PBXNativeTarget;
			buildConfigurationList = 40367C0F1F1DC6510023DEE9 /* Build configuration list for PBXNativeTarget "Meme V1.0Tests" */;
			buildPhases = (
				40367BF41F1DC6500023DEE9 /* Sources */,
				40367BF51F1DC6500023DEE9 /* Frameworks */,
				40367BF61F1DC6500023DEE9 /* Resources */,
			);
			buildRules = (
			);
			dependencies = (
				40367BFA1F1DC6500023DEE9 /* PBXTargetDependency */,
			);
			name = "Meme V1.0Tests";
			productName = "Meme V1.0Tests";
			productReference = 40367BF81F1DC6500023DEE9 /* Meme V1.0Tests.xctest */;
			productType = "com.apple.product-type.bundle.unit-test";
		};
		40367C021F1DC6510023DEE9 /* Meme V1.0UITests */ = {
			isa = PBXNativeTarget;
			buildConfigurationList = 40367C121F1DC6510023DEE9 /* Build configuration list for PBXNativeTarget "Meme V1.0UITests" */;
			buildPhases = (
				40367BFF1F1DC6510023DEE9 /* Sources */,
				40367C001F1DC6510023DEE9 /* Frameworks */,
				40367C011F1DC6510023DEE9 /* Resources */,
			);
			buildRules = (
			);
			dependencies = (
				40367C051F1DC6510023DEE9 /* PBXTargetDependency */,
			);
			name = "Meme V1.0UITests";
			productName = "Meme V1.0UITests";
			productReference = 40367C031F1DC6510023DEE9 /* Meme V1.0UITests.xctest */;
			productType = "com.apple.product-type.bundle.ui-testing";
		};
/* End PBXNativeTarget section */

/* Begin PBXProject section */
		40367BDC1F1DC6500023DEE9 /* Project object */ = {
			isa = PBXProject;
			attributes = {
				LastSwiftUpdateCheck = 0830;
				LastUpgradeCheck = 0830;
				ORGANIZATIONNAME = "Chun Yeung";
				TargetAttributes = {
					40367BE31F1DC6500023DEE9 = {
						CreatedOnToolsVersion = 8.3.3;
						ProvisioningStyle = Automatic;
					};
					40367BF71F1DC6500023DEE9 = {
						CreatedOnToolsVersion = 8.3.3;
						ProvisioningStyle = Automatic;
						TestTargetID = 40367BE31F1DC6500023DEE9;
					};
					40367C021F1DC6510023DEE9 = {
						CreatedOnToolsVersion = 8.3.3;
						ProvisioningStyle = Automatic;
						TestTargetID = 40367BE31F1DC6500023DEE9;
					};
				};
			};
			buildConfigurationList = 40367BDF1F1DC6500023DEE9 /* Build configuration list for PBXProject "Meme V1.0" */;
			compatibilityVersion = "Xcode 3.2";
			developmentRegion = English;
			hasScannedForEncodings = 0;
			knownRegions = (
				en,
				Base,
			);
			mainGroup = 40367BDB1F1DC6500023DEE9;
			productRefGroup = 40367BE51F1DC6500023DEE9 /* Products */;
			projectDirPath = "";
			projectRoot = "";
			targets = (
				40367BE31F1DC6500023DEE9 /* Meme V1.0 */,
				40367BF71F1DC6500023DEE9 /* Meme V1.0Tests */,
				40367C021F1DC6510023DEE9 /* Meme V1.0UITests */,
			);
		};
/* End PBXProject section */

/* Begin PBXResourcesBuildPhase section */
		40367BE21F1DC6500023DEE9 /* Resources */ = {
			isa = PBXResourcesBuildPhase;
			buildActionMask = 2147483647;
			files = (
				40367BF21F1DC6500023DEE9 /* LaunchScreen.storyboard in Resources */,
				40367BEF1F1DC6500023DEE9 /* Assets.xcassets in Resources */,
				40367BED1F1DC6500023DEE9 /* Main.storyboard in Resources */,
			);
			runOnlyForDeploymentPostprocessing = 0;
		};
		40367BF61F1DC6500023DEE9 /* Resources */ = {
			isa = PBXResourcesBuildPhase;
			buildActionMask = 2147483647;
			files = (
			);
			runOnlyForDeploymentPostprocessing = 0;
		};
		40367C011F1DC6510023DEE9 /* Resources */ = {
			isa = PBXResourcesBuildPhase;
			buildActionMask = 2147483647;
			files = (
			);
			runOnlyForDeploymentPostprocessing = 0;
		};
/* End PBXResourcesBuildPhase section */

/* Begin PBXSourcesBuildPhase section */
		40367BE01F1DC6500023DEE9 /* Sources */ = {
			isa = PBXSourcesBuildPhase;
			buildActionMask = 2147483647;
			files = (
				40367C1B1F1F096E0023DEE9 /* StructMeme.swift in Sources */,
				40367BEA1F1DC6500023DEE9 /* MemeEditorViewController.swift in Sources */,
				40367BE81F1DC6500023DEE9 /* AppDelegate.swift in Sources */,
			);
			runOnlyForDeploymentPostprocessing = 0;
		};
		40367BF41F1DC6500023DEE9 /* Sources */ = {
			isa = PBXSourcesBuildPhase;
			buildActionMask = 2147483647;
			files = (
				40367BFD1F1DC6500023DEE9 /* Meme_V1_0Tests.swift in Sources */,
			);
			runOnlyForDeploymentPostprocessing = 0;
		};
		40367BFF1F1DC6510023DEE9 /* Sources */ = {
			isa = PBXSourcesBuildPhase;
			buildActionMask = 2147483647;
			files = (
				40367C081F1DC6510023DEE9 /* Meme_V1_0UITests.swift in Sources */,
			);
			runOnlyForDeploymentPostprocessing = 0;
		};
/* End PBXSourcesBuildPhase section */

/* Begin PBXTargetDependency section */
		40367BFA1F1DC6500023DEE9 /* PBXTargetDependency */ = {
			isa = PBXTargetDependency;
			target = 40367BE31F1DC6500023DEE9 /* Meme V1.0 */;
			targetProxy = 40367BF91F1DC6500023DEE9 /* PBXContainerItemProxy */;
		};
		40367C051F1DC6510023DEE9 /* PBXTargetDependency */ = {
			isa = PBXTargetDependency;
			target = 40367BE31F1DC6500023DEE9 /* Meme V1.0 */;
			targetProxy = 40367C041F1DC6510023DEE9 /* PBXContainerItemProxy */;
		};
/* End PBXTargetDependency section */

/* Begin PBXVariantGroup section */
		40367BEB1F1DC6500023DEE9 /* Main.storyboard */ = {
			isa = PBXVariantGroup;
			children = (
				40367BEC1F1DC6500023DEE9 /* Base */,
			);
			name = Main.storyboard;
			sourceTree = "<group>";
		};
		40367BF01F1DC6500023DEE9 /* LaunchScreen.storyboard */ = {
			isa = PBXVariantGroup;
			children = (
				40367BF11F1DC6500023DEE9 /* Base */,
			);
			name = LaunchScreen.storyboard;
			sourceTree = "<group>";
		};
/* End PBXVariantGroup section */

/* Begin XCBuildConfiguration section */
		40367C0A1F1DC6510023DEE9 /* Debug */ = {
			isa = XCBuildConfiguration;
			buildSettings = {
				ALWAYS_SEARCH_USER_PATHS = NO;
				CLANG_ANALYZER_NONNULL = YES;
				CLANG_ANALYZER_NUMBER_OBJECT_CONVERSION = YES_AGGRESSIVE;
				CLANG_CXX_LANGUAGE_STANDARD = "gnu++0x";
				CLANG_CXX_LIBRARY = "libc++";
				CLANG_ENABLE_MODULES = YES;
				CLANG_ENABLE_OBJC_ARC = YES;
				CLANG_WARN_BOOL_CONVERSION = YES;
				CLANG_WARN_CONSTANT_CONVERSION = YES;
				CLANG_WARN_DIRECT_OBJC_ISA_USAGE = YES_ERROR;
				CLANG_WARN_DOCUMENTATION_COMMENTS = YES;
				CLANG_WARN_EMPTY_BODY = YES;
				CLANG_WARN_ENUM_CONVERSION = YES;
				CLANG_WARN_INFINITE_RECURSION = YES;
				CLANG_WARN_INT_CONVERSION = YES;
				CLANG_WARN_OBJC_ROOT_CLASS = YES_ERROR;
				CLANG_WARN_SUSPICIOUS_MOVE = YES;
				CLANG_WARN_UNREACHABLE_CODE = YES;
				CLANG_WARN__DUPLICATE_METHOD_MATCH = YES;
				"CODE_SIGN_IDENTITY[sdk=iphoneos*]" = "iPhone Developer";
				COPY_PHASE_STRIP = NO;
				DEBUG_INFORMATION_FORMAT = dwarf;
				ENABLE_STRICT_OBJC_MSGSEND = YES;
				ENABLE_TESTABILITY = YES;
				GCC_C_LANGUAGE_STANDARD = gnu99;
				GCC_DYNAMIC_NO_PIC = NO;
				GCC_NO_COMMON_BLOCKS = YES;
				GCC_OPTIMIZATION_LEVEL = 0;
				GCC_PREPROCESSOR_DEFINITIONS = (
					"DEBUG=1",
					"$(inherited)",
				);
				GCC_WARN_64_TO_32_BIT_CONVERSION = YES;
				GCC_WARN_ABOUT_RETURN_TYPE = YES_ERROR;
				GCC_WARN_UNDECLARED_SELECTOR = YES;
				GCC_WARN_UNINITIALIZED_AUTOS = YES_AGGRESSIVE;
				GCC_WARN_UNUSED_FUNCTION = YES;
				GCC_WARN_UNUSED_VARIABLE = YES;
				IPHONEOS_DEPLOYMENT_TARGET = 10.3;
				MTL_ENABLE_DEBUG_INFO = YES;
				ONLY_ACTIVE_ARCH = YES;
				SDKROOT = iphoneos;
				SWIFT_ACTIVE_COMPILATION_CONDITIONS = DEBUG;
				SWIFT_OPTIMIZATION_LEVEL = "-Onone";
				TARGETED_DEVICE_FAMILY = "1,2";
			};
			name = Debug;
		};
		40367C0B1F1DC6510023DEE9 /* Release */ = {
			isa = XCBuildConfiguration;
			buildSettings = {
				ALWAYS_SEARCH_USER_PATHS = NO;
				CLANG_ANALYZER_NONNULL = YES;
				CLANG_ANALYZER_NUMBER_OBJECT_CONVERSION = YES_AGGRESSIVE;
				CLANG_CXX_LANGUAGE_STANDARD = "gnu++0x";
				CLANG_CXX_LIBRARY = "libc++";
				CLANG_ENABLE_MODULES = YES;
				CLANG_ENABLE_OBJC_ARC = YES;
				CLANG_WARN_BOOL_CONVERSION = YES;
				CLANG_WARN_CONSTANT_CONVERSION = YES;
				CLANG_WARN_DIRECT_OBJC_ISA_USAGE = YES_ERROR;
				CLANG_WARN_DOCUMENTATION_COMMENTS = YES;
				CLANG_WARN_EMPTY_BODY = YES;
				CLANG_WARN_ENUM_CONVERSION = YES;
				CLANG_WARN_INFINITE_RECURSION = YES;
				CLANG_WARN_INT_CONVERSION = YES;
				CLANG_WARN_OBJC_ROOT_CLASS = YES_ERROR;
				CLANG_WARN_SUSPICIOUS_MOVE = YES;
				CLANG_WARN_UNREACHABLE_CODE = YES;
				CLANG_WARN__DUPLICATE_METHOD_MATCH = YES;
				"CODE_SIGN_IDENTITY[sdk=iphoneos*]" = "iPhone Developer";
				COPY_PHASE_STRIP = NO;
				DEBUG_INFORMATION_FORMAT = "dwarf-with-dsym";
				ENABLE_NS_ASSERTIONS = NO;
				ENABLE_STRICT_OBJC_MSGSEND = YES;
				GCC_C_LANGUAGE_STANDARD = gnu99;
				GCC_NO_COMMON_BLOCKS = YES;
				GCC_WARN_64_TO_32_BIT_CONVERSION = YES;
				GCC_WARN_ABOUT_RETURN_TYPE = YES_ERROR;
				GCC_WARN_UNDECLARED_SELECTOR = YES;
				GCC_WARN_UNINITIALIZED_AUTOS = YES_AGGRESSIVE;
				GCC_WARN_UNUSED_FUNCTION = YES;
				GCC_WARN_UNUSED_VARIABLE = YES;
				IPHONEOS_DEPLOYMENT_TARGET = 10.3;
				MTL_ENABLE_DEBUG_INFO = NO;
				SDKROOT = iphoneos;
				SWIFT_OPTIMIZATION_LEVEL = "-Owholemodule";
				TARGETED_DEVICE_FAMILY = "1,2";
				VALIDATE_PRODUCT = YES;
			};
			name = Release;
		};
		40367C0D1F1DC6510023DEE9 /* Debug */ = {
			isa = XCBuildConfiguration;
			buildSettings = {
				ASSETCATALOG_COMPILER_APPICON_NAME = AppIcon;
				INFOPLIST_FILE = "Meme V1.0/Info.plist";
				LD_RUNPATH_SEARCH_PATHS = "$(inherited) @executable_path/Frameworks";
				PRODUCT_BUNDLE_IDENTIFIER = "ftyfty.Meme-V1-0";
				PRODUCT_NAME = "$(TARGET_NAME)";
				SWIFT_VERSION = 3.0;
			};
			name = Debug;
		};
		40367C0E1F1DC6510023DEE9 /* Release */ = {
			isa = XCBuildConfiguration;
			buildSettings = {
				ASSETCATALOG_COMPILER_APPICON_NAME = AppIcon;
				INFOPLIST_FILE = "Meme V1.0/Info.plist";
				LD_RUNPATH_SEARCH_PATHS = "$(inherited) @executable_path/Frameworks";
				PRODUCT_BUNDLE_IDENTIFIER = "ftyfty.Meme-V1-0";
				PRODUCT_NAME = "$(TARGET_NAME)";
				SWIFT_VERSION = 3.0;
			};
			name = Release;
		};
		40367C101F1DC6510023DEE9 /* Debug */ = {
			isa = XCBuildConfiguration;
			buildSettings = {
				ALWAYS_EMBED_SWIFT_STANDARD_LIBRARIES = YES;
				BUNDLE_LOADER = "$(TEST_HOST)";
				INFOPLIST_FILE = "Meme V1.0Tests/Info.plist";
				LD_RUNPATH_SEARCH_PATHS = "$(inherited) @executable_path/Frameworks @loader_path/Frameworks";
				PRODUCT_BUNDLE_IDENTIFIER = "ftyfty.Meme-V1-0Tests";
				PRODUCT_NAME = "$(TARGET_NAME)";
				SWIFT_VERSION = 3.0;
				TEST_HOST = "$(BUILT_PRODUCTS_DIR)/Meme V1.0.app/Meme V1.0";
			};
			name = Debug;
		};
		40367C111F1DC6510023DEE9 /* Release */ = {
			isa = XCBuildConfiguration;
			buildSettings = {
				ALWAYS_EMBED_SWIFT_STANDARD_LIBRARIES = YES;
				BUNDLE_LOADER = "$(TEST_HOST)";
				INFOPLIST_FILE = "Meme V1.0Tests/Info.plist";
				LD_RUNPATH_SEARCH_PATHS = "$(inherited) @executable_path/Frameworks @loader_path/Frameworks";
				PRODUCT_BUNDLE_IDENTIFIER = "ftyfty.Meme-V1-0Tests";
				PRODUCT_NAME = "$(TARGET_NAME)";
				SWIFT_VERSION = 3.0;
				TEST_HOST = "$(BUILT_PRODUCTS_DIR)/Meme V1.0.app/Meme V1.0";
			};
			name = Release;
		};
		40367C131F1DC6510023DEE9 /* Debug */ = {
			isa = XCBuildConfiguration;
			buildSettings = {
				ALWAYS_EMBED_SWIFT_STANDARD_LIBRARIES = YES;
				INFOPLIST_FILE = "Meme V1.0UITests/Info.plist";
				LD_RUNPATH_SEARCH_PATHS = "$(inherited) @executable_path/Frameworks @loader_path/Frameworks";
				PRODUCT_BUNDLE_IDENTIFIER = "ftyfty.Meme-V1-0UITests";
				PRODUCT_NAME = "$(TARGET_NAME)";
				SWIFT_VERSION = 3.0;
				TEST_TARGET_NAME = "Meme V1.0";
			};
			name = Debug;
		};
		40367C141F1DC6510023DEE9 /* Release */ = {
			isa = XCBuildConfiguration;
			buildSettings = {
				ALWAYS_EMBED_SWIFT_STANDARD_LIBRARIES = YES;
				INFOPLIST_FILE = "Meme V1.0UITests/Info.plist";
				LD_RUNPATH_SEARCH_PATHS = "$(inherited) @executable_path/Frameworks @loader_path/Frameworks";
				PRODUCT_BUNDLE_IDENTIFIER = "ftyfty.Meme-V1-0UITests";
				PRODUCT_NAME = "$(TARGET_NAME)";
				SWIFT_VERSION = 3.0;
				TEST_TARGET_NAME = "Meme V1.0";
			};
			name = Release;
		};
/* End XCBuildConfiguration section */

/* Begin XCConfigurationList section */
		40367BDF1F1DC6500023DEE9 /* Build configuration list for PBXProject "Meme V1.0" */ = {
			isa = XCConfigurationList;
			buildConfigurations = (
				40367C0A1F1DC6510023DEE9 /* Debug */,
				40367C0B1F1DC6510023DEE9 /* Release */,
			);
			defaultConfigurationIsVisible = 0;
			defaultConfigurationName = Release;
		};
		40367C0C1F1DC6510023DEE9 /* Build configuration list for PBXNativeTarget "Meme V1.0" */ = {
			isa = XCConfigurationList;
			buildConfigurations = (
				40367C0D1F1DC6510023DEE9 /* Debug */,
				40367C0E1F1DC6510023DEE9 /* Release */,
			);
			defaultConfigurationIsVisible = 0;
			defaultConfigurationName = Release;
		};
		40367C0F1F1DC6510023DEE9 /* Build configuration list for PBXNativeTarget "Meme V1.0Tests" */ = {
			isa = XCConfigurationList;
			buildConfigurations = (
				40367C101F1DC6510023DEE9 /* Debug */,
				40367C111F1DC6510023DEE9 /* Release */,
			);
			defaultConfigurationIsVisible = 0;
			defaultConfigurationName = Release;
		};
		40367C121F1DC6510023DEE9 /* Build configuration list for PBXNativeTarget "Meme V1.0UITests" */ = {
			isa = XCConfigurationList;
			buildConfigurations = (
				40367C131F1DC6510023DEE9 /* Debug */,
				40367C141F1DC6510023DEE9 /* Release */,
			);
			defaultConfigurationIsVisible = 0;
			defaultConfigurationName = Release;
		};
/* End XCConfigurationList section */
	};
	rootObject = 40367BDC1F1DC6500023DEE9 /* Project object */;
}
